
Microsoft Visual Studio Solution File, Format Version 12.00
# Visual Studio Version 17
VisualStudioVersion = 17.11.35327.3
MinimumVisualStudioVersion = 10.0.40219.1
Project("{FAE04EC0-301F-11D3-BF4B-00C04F79EFBC}") = "Monster_Trading_Cards_Game", "Monster_Trading_Cards_Game\Monster_Trading_Cards_Game.csproj", "{2E832E9E-3017-4A2D-82B6-566F16C5374A}"
EndProject
Global
	GlobalSection(SolutionConfigurationPlatforms) = preSolution
		Debug|Any CPU = Debug|Any CPU
		Release|Any CPU = Release|Any CPU
	EndGlobalSection
	GlobalSection(ProjectConfigurationPlatforms) = postSolution
		{2E832E9E-3017-4A2D-82B6-566F16C5374A}.Debug|Any CPU.ActiveCfg = Debug|Any CPU
		{2E832E9E-3017-4A2D-82B6-566F16C5374A}.Debug|Any CPU.Build.0 = Debug|Any CPU
		{2E832E9E-3017-4A2D-82B6-566F16C5374A}.Release|Any CPU.ActiveCfg = Release|Any CPU
		{2E832E9E-3017-4A2D-82B6-566F16C5374A}.Release|Any CPU.Build.0 = Release|Any CPU
	EndGlobalSection
	GlobalSection(SolutionProperties) = preSolution
		HideSolutionNode = FALSE
	EndGlobalSection
	GlobalSection(ExtensibilityGlobals) = postSolution
		SolutionGuid = {F1C74DF2-DF26-4050-918A-8A50C8A5940D}
	EndGlobalSection
EndGlobal
